{
  "name": "@bluecateng/eslint-plugin",
  "version": "2.1.0",
  "lockfileVersion": 1,
  "requires": true,
  "dependencies": {
    "@formatjs/ecma402-abstract": {
      "version": "1.9.9",
      "resolved": "https://registry.npmjs.org/@formatjs/ecma402-abstract/-/ecma402-abstract-1.9.9.tgz",
      "integrity": "sha512-w2HpUW17Ev8UN8G1fSvl0skCLP+HkhGZii0ALaBXYc7rd3osD2s8EF2ihSNkeEeC6aySX1IAkRm0f4lnE8Jeaw==",
      "dev": true,
      "requires": {
        "@formatjs/intl-localematcher": "0.2.21",
        "tslib": "^2.1.0"
      }
    },
    "@formatjs/icu-messageformat-parser": {
      "version": "2.0.12",
      "resolved": "https://registry.npmjs.org/@formatjs/icu-messageformat-parser/-/icu-messageformat-parser-2.0.12.tgz",
      "integrity": "sha512-X/tdbKLfVBc2yJRX+xC3uqYxXkp9336FhSS1Hb6kU6pSOU+EseylS3a/vjFOKjol1qQ5BSIQd8YPWtOOt3KcWA==",
      "dev": true,
      "requires": {
        "@formatjs/ecma402-abstract": "1.9.9",
        "@formatjs/icu-skeleton-parser": "1.2.13",
        "tslib": "^2.1.0"
      }
    },
    "@formatjs/icu-skeleton-parser": {
      "version": "1.2.13",
      "resolved": "https://registry.npmjs.org/@formatjs/icu-skeleton-parser/-/icu-skeleton-parser-1.2.13.tgz",
      "integrity": "sha512-PHK4kdIcNTI15ASyn6dCA2cxzUPHE+UK/FsBkPULNpKgPWEZIYAFO9PgG0a9SDcIIr7Ta3SPPbUZGKRXT3d+ng==",
      "dev": true,
      "requires": {
        "@formatjs/ecma402-abstract": "1.9.9",
        "tslib": "^2.1.0"
      }
    },
    "@formatjs/intl-localematcher": {
      "version": "0.2.21",
      "resolved": "https://registry.npmjs.org/@formatjs/intl-localematcher/-/intl-localematcher-0.2.21.tgz",
      "integrity": "sha512-JTJeLiNwexN4Gy0cMxoUPvJbKhXdnSuo5jPrDafEZpnDWlJ5VDYta8zUVVozO/pwzEmFVHEUpgiEDj+39L4oMg==",
      "dev": true,
      "requires": {
        "tslib": "^2.1.0"
      }
    },
    "argparse": {
      "version": "2.0.1",
      "resolved": "https://registry.npmjs.org/argparse/-/argparse-2.0.1.tgz",
      "integrity": "sha512-8+9WqebbFzpX9OR+Wa6O29asIogeRMzcGtAINdpMHHyAg10f05aSFVBbcEqGf/PXw1EjAZ+q2/bEBg3DvurK3Q=="
    },
    "js-yaml": {
      "version": "4.1.0",
      "resolved": "https://registry.npmjs.org/js-yaml/-/js-yaml-4.1.0.tgz",
      "integrity": "sha512-wpxZs9NoxZaJESJGIZTyDEaYpl0FKSA+FB9aJiyemKhMwkxQg63h4T1KJgUGHpTqPDNRcmmYLugrRjJlBtWvRA==",
      "requires": {
        "argparse": "^2.0.1"
      }
    },
    "tslib": {
      "version": "2.3.1",
      "resolved": "https://registry.npmjs.org/tslib/-/tslib-2.3.1.tgz",
      "integrity": "sha512-77EbyPPpMz+FRFRuAFlWMtmgUWGe9UOG2Z25NqCwiIjRhOf5iKGuzSe5P2w1laq+FkRy4p+PCuVkJSGkzTEKVw==",
      "dev": true
    }
  }
}
