{
  "name": "@bluecateng/eslint-plugin",
  "version": "2.0.0",
  "lockfileVersion": 1,
  "requires": true,
  "dependencies": {
    "@formatjs/ecma402-abstract": {
      "version": "1.5.0",
      "resolved": "https://registry.npmjs.org/@formatjs/ecma402-abstract/-/ecma402-abstract-1.5.0.tgz",
      "integrity": "sha512-wXv36yo+mfWllweN0Fq7sUs7PUiNopn7I0JpLTe3hGu6ZMR4CV7LqK1llhB18pndwpKoafQKb1et2DCJAOW20Q==",
      "dev": true,
      "requires": {
        "tslib": "^2.0.1"
      }
    },
    "intl-messageformat-parser": {
      "version": "6.0.18",
      "resolved": "https://registry.npmjs.org/intl-messageformat-parser/-/intl-messageformat-parser-6.0.18.tgz",
      "integrity": "sha512-vLjACEunfi5uSUCWFLOR4PXQ9DGLpED3tM7o9zsYsOvjl0VIheoxyG0WZXnsnhn+S+Zu158M6CkuHXeNZfKRRg==",
      "dev": true,
      "requires": {
        "@formatjs/ecma402-abstract": "1.5.0",
        "tslib": "^2.0.1"
      }
    },
    "tslib": {
      "version": "2.0.3",
      "resolved": "https://registry.npmjs.org/tslib/-/tslib-2.0.3.tgz",
      "integrity": "sha512-uZtkfKblCEQtZKBF6EBXVZeQNl82yqtDQdv+eck8u7tdPxjLu2/lp5/uPW+um2tpuxINHWy3GhiccY7QgEaVHQ==",
      "dev": true
    }
  }
}
