{
  "name": "@bluecateng/eslint-plugin",
  "version": "1.3.2",
  "lockfileVersion": 1,
  "requires": true,
  "dependencies": {
    "@formatjs/intl-numberformat": {
      "version": "5.3.1",
      "resolved": "https://registry.npmjs.org/@formatjs/intl-numberformat/-/intl-numberformat-5.3.1.tgz",
      "integrity": "sha512-VSQwDiZc6JjJ2CadKY5EFxdWI7k3HLUXMZAqg6Rdox7vHkd4wqxoZqrctSjBeJsjQUnKxh5CPP8Sp9ht5nCo9g==",
      "requires": {
        "@formatjs/intl-utils": "^3.8.1"
      }
    },
    "@formatjs/intl-utils": {
      "version": "3.8.1",
      "resolved": "https://registry.npmjs.org/@formatjs/intl-utils/-/intl-utils-3.8.1.tgz",
      "integrity": "sha512-Vm7WRiokXWdu4iWVAQ+omDVWRt4ImUzgfKJAWocz3m1h6/ftgc+YuIcL4RDE6TH3jYben7exTREWHXIwWnx4YA==",
      "requires": {
        "emojis-list": "^3.0.0"
      }
    },
    "emojis-list": {
      "version": "3.0.0",
      "resolved": "https://registry.npmjs.org/emojis-list/-/emojis-list-3.0.0.tgz",
      "integrity": "sha512-/kyM18EfinwXZbno9FyUGeFh87KC8HRQBQGildHZbEuRyWFOmv1U10o9BBp8XVZDVNNuQKyIGIu5ZYAAXJ0V2Q=="
    },
    "intl-messageformat-parser": {
      "version": "5.3.5",
      "resolved": "https://registry.npmjs.org/intl-messageformat-parser/-/intl-messageformat-parser-5.3.5.tgz",
      "integrity": "sha512-gOy7796eyQFb8GafFMH7QqiFAG5oafvQWR9XbfV1rfsQ9lWWf/5xZpK0XPyxIgZRwLDmJP9PyaGgzqCFXlmOaQ==",
      "requires": {
        "@formatjs/intl-numberformat": "^5.3.1"
      }
    }
  }
}
