{
  "name": "@bluecateng/eslint-plugin",
  "version": "0.4.1",
  "lockfileVersion": 1,
  "requires": true,
  "dependencies": {
    "intl-messageformat-parser": {
      "version": "2.0.1",
      "resolved": "https://registry.npmjs.org/intl-messageformat-parser/-/intl-messageformat-parser-2.0.1.tgz",
      "integrity": "sha512-9Kf7YCXbA0fPEceFqB/3kfDmCMsiSWoP+59DxzfHvrlupCM/eZ7v9sYHZ9XUpJzUWoxrZw9qSFHGOoNHd3KOrg=="
    }
  }
}
