{
  "name": "@bluecateng/eslint-plugin",
  "version": "0.2.0",
  "lockfileVersion": 1,
  "requires": true,
  "dependencies": {
    "intl-messageformat-parser": {
      "version": "1.5.1",
      "resolved": "https://registry.npmjs.org/intl-messageformat-parser/-/intl-messageformat-parser-1.5.1.tgz",
      "integrity": "sha512-G9/w2k2MRG2OvzVc/zOfBQbZJT590TiUI6/4wUshvzV1Q9rA5DDC2mWFz5UtiWT4Z7U3nunaba3FWri77KXCnA=="
    }
  }
}
